
Microsoft Visual Studio Solution File, Format Version 12.00
# Visual Studio Version 17
VisualStudioVersion = 17.4.33213.308
MinimumVisualStudioVersion = 10.0.40219.1
Project("{FAE04EC0-301F-11D3-BF4B-00C04F79EFBC}") = "EnoRegV2", "EnoRegV2\EnoRegV2.csproj", "{AD927665-0C64-46F7-860B-5D03728842CF}"
EndProject
Global
	GlobalSection(SolutionConfigurationPlatforms) = preSolution
		Debug|Any CPU = Debug|Any CPU
		Release|Any CPU = Release|Any CPU
	EndGlobalSection
	GlobalSection(ProjectConfigurationPlatforms) = postSolution
		{AD927665-0C64-46F7-860B-5D03728842CF}.Debug|Any CPU.ActiveCfg = Debug|Any CPU
		{AD927665-0C64-46F7-860B-5D03728842CF}.Debug|Any CPU.Build.0 = Debug|Any CPU
		{AD927665-0C64-46F7-860B-5D03728842CF}.Release|Any CPU.ActiveCfg = Release|Any CPU
		{AD927665-0C64-46F7-860B-5D03728842CF}.Release|Any CPU.Build.0 = Release|Any CPU
	EndGlobalSection
	GlobalSection(SolutionProperties) = preSolution
		HideSolutionNode = FALSE
	EndGlobalSection
	GlobalSection(ExtensibilityGlobals) = postSolution
		SolutionGuid = {E5EAC7FE-03E7-4BD7-A166-4C06782D00B3}
	EndGlobalSection
EndGlobal
