
Microsoft Visual Studio Solution File, Format Version 12.00
# Visual Studio Version 17
VisualStudioVersion = 17.4.33205.214
MinimumVisualStudioVersion = 10.0.40219.1
Project("{FAE04EC0-301F-11D3-BF4B-00C04F79EFBC}") = "EnoRegV2", "EnoRegV2\EnoRegV2.csproj", "{7DD68C93-0F17-4892-95CF-799064CEEF98}"
EndProject
Global
	GlobalSection(SolutionConfigurationPlatforms) = preSolution
		Debug|Any CPU = Debug|Any CPU
		Release|Any CPU = Release|Any CPU
	EndGlobalSection
	GlobalSection(ProjectConfigurationPlatforms) = postSolution
		{7DD68C93-0F17-4892-95CF-799064CEEF98}.Debug|Any CPU.ActiveCfg = Debug|Any CPU
		{7DD68C93-0F17-4892-95CF-799064CEEF98}.Debug|Any CPU.Build.0 = Debug|Any CPU
		{7DD68C93-0F17-4892-95CF-799064CEEF98}.Release|Any CPU.ActiveCfg = Release|Any CPU
		{7DD68C93-0F17-4892-95CF-799064CEEF98}.Release|Any CPU.Build.0 = Release|Any CPU
	EndGlobalSection
	GlobalSection(SolutionProperties) = preSolution
		HideSolutionNode = FALSE
	EndGlobalSection
	GlobalSection(ExtensibilityGlobals) = postSolution
		SolutionGuid = {A0BEC318-D1C3-49EF-8B10-EE83A66A26BD}
	EndGlobalSection
EndGlobal
